// !$*UTF8*$!
{
	archiveVersion = 1;
	classes = {
	};
	objectVersion = 55;
	objects = {

/* Begin PBXBuildFile section */
		5D7C36912807BAC600C3480A /* Alamofire in Frameworks */ = {isa = PBXBuildFile; productRef = 5D7C36902807BAC600C3480A /* Alamofire */; };
		5DB530CF2801D5DF00E9325A /* AppDelegate.swift in Sources */ = {isa = PBXBuildFile; fileRef = 5DB530CE2801D5DF00E9325A /* AppDelegate.swift */; };
		5DB530D12801D5DF00E9325A /* SceneDelegate.swift in Sources */ = {isa = PBXBuildFile; fileRef = 5DB530D02801D5DF00E9325A /* SceneDelegate.swift */; };
		5DB530D32801D5DF00E9325A /* DetailViewController.swift in Sources */ = {isa = PBXBuildFile; fileRef = 5DB530D22801D5DF00E9325A /* DetailViewController.swift */; };
		5DB530D62801D5DF00E9325A /* Main.storyboard in Resources */ = {isa = PBXBuildFile; fileRef = 5DB530D42801D5DF00E9325A /* Main.storyboard */; };
		5DB530D82801D5E200E9325A /* Assets.xcassets in Resources */ = {isa = PBXBuildFile; fileRef = 5DB530D72801D5E200E9325A /* Assets.xcassets */; };
		5DB530DB2801D5E200E9325A /* LaunchScreen.storyboard in Resources */ = {isa = PBXBuildFile; fileRef = 5DB530D92801D5E200E9325A /* LaunchScreen.storyboard */; };
		5DB530EE2801E7D100E9325A /* Character.swift in Sources */ = {isa = PBXBuildFile; fileRef = 5DB530ED2801E7D100E9325A /* Character.swift */; };
		5DB530F02801E8DF00E9325A /* NetworkManager.swift in Sources */ = {isa = PBXBuildFile; fileRef = 5DB530EF2801E8DF00E9325A /* NetworkManager.swift */; };
		5DB530F22803767D00E9325A /* TableViewCell.swift in Sources */ = {isa = PBXBuildFile; fileRef = 5DB530F12803767D00E9325A /* TableViewCell.swift */; };
		5DB530F428037AFB00E9325A /* CharacterTableViewController.swift in Sources */ = {isa = PBXBuildFile; fileRef = 5DB530F328037AFB00E9325A /* CharacterTableViewController.swift */; };
/* End PBXBuildFile section */

/* Begin PBXFileReference section */
		5DB530CB2801D5DF00E9325A /* RickAndMortyApp.app */ = {isa = PBXFileReference; explicitFileType = wrapper.application; includeInIndex = 0; path = RickAndMortyApp.app; sourceTree = BUILT_PRODUCTS_DIR; };
		5DB530CE2801D5DF00E9325A /* AppDelegate.swift */ = {isa = PBXFileReference; lastKnownFileType = sourcecode.swift; path = AppDelegate.swift; sourceTree = "<group>"; };
		5DB530D02801D5DF00E9325A /* SceneDelegate.swift */ = {isa = PBXFileReference; lastKnownFileType = sourcecode.swift; path = SceneDelegate.swift; sourceTree = "<group>"; };
		5DB530D22801D5DF00E9325A /* DetailViewController.swift */ = {isa = PBXFileReference; lastKnownFileType = sourcecode.swift; path = DetailViewController.swift; sourceTree = "<group>"; };
		5DB530D52801D5DF00E9325A /* Base */ = {isa = PBXFileReference; lastKnownFileType = file.storyboard; name = Base; path = Base.lproj/Main.storyboard; sourceTree = "<group>"; };
		5DB530D72801D5E200E9325A /* Assets.xcassets */ = {isa = PBXFileReference; lastKnownFileType = folder.assetcatalog; path = Assets.xcassets; sourceTree = "<group>"; };
		5DB530DA2801D5E200E9325A /* Base */ = {isa = PBXFileReference; lastKnownFileType = file.storyboard; name = Base; path = Base.lproj/LaunchScreen.storyboard; sourceTree = "<group>"; };
		5DB530DC2801D5E200E9325A /* Info.plist */ = {isa = PBXFileReference; lastKnownFileType = text.plist.xml; path = Info.plist; sourceTree = "<group>"; };
		5DB530ED2801E7D100E9325A /* Character.swift */ = {isa = PBXFileReference; lastKnownFileType = sourcecode.swift; path = Character.swift; sourceTree = "<group>"; };
		5DB530EF2801E8DF00E9325A /* NetworkManager.swift */ = {isa = PBXFileReference; lastKnownFileType = sourcecode.swift; path = NetworkManager.swift; sourceTree = "<group>"; };
		5DB530F12803767D00E9325A /* TableViewCell.swift */ = {isa = PBXFileReference; lastKnownFileType = sourcecode.swift; path = TableViewCell.swift; sourceTree = "<group>"; };
		5DB530F328037AFB00E9325A /* CharacterTableViewController.swift */ = {isa = PBXFileReference; lastKnownFileType = sourcecode.swift; path = CharacterTableViewController.swift; sourceTree = "<group>"; };
/* End PBXFileReference section */

/* Begin PBXFrameworksBuildPhase section */
		5DB530C82801D5DF00E9325A /* Frameworks */ = {
			isa = PBXFrameworksBuildPhase;
			buildActionMask = 2147483647;
			files = (
				5D7C36912807BAC600C3480A /* Alamofire in Frameworks */,
			);
			runOnlyForDeploymentPostprocessing = 0;
		};
/* End PBXFrameworksBuildPhase section */

/* Begin PBXGroup section */
		5D561CEB28084959006E163C /* Views */ = {
			isa = PBXGroup;
			children = (
				5DB530F12803767D00E9325A /* TableViewCell.swift */,
			);
			path = Views;
			sourceTree = "<group>";
		};
		5DB530C22801D5DF00E9325A = {
			isa = PBXGroup;
			children = (
				5DB530CD2801D5DF00E9325A /* RickAndMortyApp */,
				5DB530CC2801D5DF00E9325A /* Products */,
			);
			sourceTree = "<group>";
		};
		5DB530CC2801D5DF00E9325A /* Products */ = {
			isa = PBXGroup;
			children = (
				5DB530CB2801D5DF00E9325A /* RickAndMortyApp.app */,
			);
			name = Products;
			sourceTree = "<group>";
		};
		5DB530CD2801D5DF00E9325A /* RickAndMortyApp */ = {
			isa = PBXGroup;
			children = (
				5DB530E82801D6E400E9325A /* Models */,
				5DB530E72801D6DB00E9325A /* Services */,
				5D561CEB28084959006E163C /* Views */,
				5DB530E22801D6A800E9325A /* ViewControllers */,
				5DB530E32801D6B400E9325A /* StoryBoards */,
				5DB530E42801D6C200E9325A /* App */,
				5DB530E52801D6CA00E9325A /* Resources */,
			);
			path = RickAndMortyApp;
			sourceTree = "<group>";
		};
		5DB530E22801D6A800E9325A /* ViewControllers */ = {
			isa = PBXGroup;
			children = (
				5DB530F328037AFB00E9325A /* CharacterTableViewController.swift */,
				5DB530D22801D5DF00E9325A /* DetailViewController.swift */,
			);
			path = ViewControllers;
			sourceTree = "<group>";
		};
		5DB530E32801D6B400E9325A /* StoryBoards */ = {
			isa = PBXGroup;
			children = (
				5DB530D42801D5DF00E9325A /* Main.storyboard */,
				5DB530D92801D5E200E9325A /* LaunchScreen.storyboard */,
			);
			path = StoryBoards;
			sourceTree = "<group>";
		};
		5DB530E42801D6C200E9325A /* App */ = {
			isa = PBXGroup;
			children = (
				5DB530CE2801D5DF00E9325A /* AppDelegate.swift */,
				5DB530D02801D5DF00E9325A /* SceneDelegate.swift */,
				5DB530DC2801D5E200E9325A /* Info.plist */,
			);
			path = App;
			sourceTree = "<group>";
		};
		5DB530E52801D6CA00E9325A /* Resources */ = {
			isa = PBXGroup;
			children = (
				5DB530D72801D5E200E9325A /* Assets.xcassets */,
			);
			path = Resources;
			sourceTree = "<group>";
		};
		5DB530E72801D6DB00E9325A /* Services */ = {
			isa = PBXGroup;
			children = (
				5DB530EF2801E8DF00E9325A /* NetworkManager.swift */,
			);
			path = Services;
			sourceTree = "<group>";
		};
		5DB530E82801D6E400E9325A /* Models */ = {
			isa = PBXGroup;
			children = (
				5DB530ED2801E7D100E9325A /* Character.swift */,
			);
			path = Models;
			sourceTree = "<group>";
		};
/* End PBXGroup section */

/* Begin PBXNativeTarget section */
		5DB530CA2801D5DF00E9325A /* RickAndMortyApp */ = {
			isa = PBXNativeTarget;
			buildConfigurationList = 5DB530DF2801D5E200E9325A /* Build configuration list for PBXNativeTarget "RickAndMortyApp" */;
			buildPhases = (
				5DB530C72801D5DF00E9325A /* Sources */,
				5DB530C82801D5DF00E9325A /* Frameworks */,
				5DB530C92801D5DF00E9325A /* Resources */,
			);
			buildRules = (
			);
			dependencies = (
			);
			name = RickAndMortyApp;
			packageProductDependencies = (
				5D7C36902807BAC600C3480A /* Alamofire */,
			);
			productName = RickAndMortyApp;
			productReference = 5DB530CB2801D5DF00E9325A /* RickAndMortyApp.app */;
			productType = "com.apple.product-type.application";
		};
/* End PBXNativeTarget section */

/* Begin PBXProject section */
		5DB530C32801D5DF00E9325A /* Project object */ = {
			isa = PBXProject;
			attributes = {
				BuildIndependentTargetsInParallel = 1;
				LastSwiftUpdateCheck = 1330;
				LastUpgradeCheck = 1330;
				TargetAttributes = {
					5DB530CA2801D5DF00E9325A = {
						CreatedOnToolsVersion = 13.3;
					};
				};
			};
			buildConfigurationList = 5DB530C62801D5DF00E9325A /* Build configuration list for PBXProject "RickAndMortyApp" */;
			compatibilityVersion = "Xcode 13.0";
			developmentRegion = en;
			hasScannedForEncodings = 0;
			knownRegions = (
				en,
				Base,
			);
			mainGroup = 5DB530C22801D5DF00E9325A;
			packageReferences = (
				5D7C368F2807BAC600C3480A /* XCRemoteSwiftPackageReference "Alamofire" */,
			);
			productRefGroup = 5DB530CC2801D5DF00E9325A /* Products */;
			projectDirPath = "";
			projectRoot = "";
			targets = (
				5DB530CA2801D5DF00E9325A /* RickAndMortyApp */,
			);
		};
/* End PBXProject section */

/* Begin PBXResourcesBuildPhase section */
		5DB530C92801D5DF00E9325A /* Resources */ = {
			isa = PBXResourcesBuildPhase;
			buildActionMask = 2147483647;
			files = (
				5DB530DB2801D5E200E9325A /* LaunchScreen.storyboard in Resources */,
				5DB530D82801D5E200E9325A /* Assets.xcassets in Resources */,
				5DB530D62801D5DF00E9325A /* Main.storyboard in Resources */,
			);
			runOnlyForDeploymentPostprocessing = 0;
		};
/* End PBXResourcesBuildPhase section */

/* Begin PBXSourcesBuildPhase section */
		5DB530C72801D5DF00E9325A /* Sources */ = {
			isa = PBXSourcesBuildPhase;
			buildActionMask = 2147483647;
			files = (
				5DB530F428037AFB00E9325A /* CharacterTableViewController.swift in Sources */,
				5DB530D32801D5DF00E9325A /* DetailViewController.swift in Sources */,
				5DB530EE2801E7D100E9325A /* Character.swift in Sources */,
				5DB530F02801E8DF00E9325A /* NetworkManager.swift in Sources */,
				5DB530F22803767D00E9325A /* TableViewCell.swift in Sources */,
				5DB530CF2801D5DF00E9325A /* AppDelegate.swift in Sources */,
				5DB530D12801D5DF00E9325A /* SceneDelegate.swift in Sources */,
			);
			runOnlyForDeploymentPostprocessing = 0;
		};
/* End PBXSourcesBuildPhase section */

/* Begin PBXVariantGroup section */
		5DB530D42801D5DF00E9325A /* Main.storyboard */ = {
			isa = PBXVariantGroup;
			children = (
				5DB530D52801D5DF00E9325A /* Base */,
			);
			name = Main.storyboard;
			sourceTree = "<group>";
		};
		5DB530D92801D5E200E9325A /* LaunchScreen.storyboard */ = {
			isa = PBXVariantGroup;
			children = (
				5DB530DA2801D5E200E9325A /* Base */,
			);
			name = LaunchScreen.storyboard;
			sourceTree = "<group>";
		};
/* End PBXVariantGroup section */

/* Begin XCBuildConfiguration section */
		5DB530DD2801D5E200E9325A /* Debug */ = {
			isa = XCBuildConfiguration;
			buildSettings = {
				ALWAYS_SEARCH_USER_PATHS = NO;
				CLANG_ANALYZER_NONNULL = YES;
				CLANG_ANALYZER_NUMBER_OBJECT_CONVERSION = YES_AGGRESSIVE;
				CLANG_CXX_LANGUAGE_STANDARD = "gnu++17";
				CLANG_ENABLE_MODULES = YES;
				CLANG_ENABLE_OBJC_ARC = YES;
				CLANG_ENABLE_OBJC_WEAK = YES;
				CLANG_WARN_BLOCK_CAPTURE_AUTORELEASING = YES;
				CLANG_WARN_BOOL_CONVERSION = YES;
				CLANG_WARN_COMMA = YES;
				CLANG_WARN_CONSTANT_CONVERSION = YES;
				CLANG_WARN_DEPRECATED_OBJC_IMPLEMENTATIONS = YES;
				CLANG_WARN_DIRECT_OBJC_ISA_USAGE = YES_ERROR;
				CLANG_WARN_DOCUMENTATION_COMMENTS = YES;
				CLANG_WARN_EMPTY_BODY = YES;
				CLANG_WARN_ENUM_CONVERSION = YES;
				CLANG_WARN_INFINITE_RECURSION = YES;
				CLANG_WARN_INT_CONVERSION = YES;
				CLANG_WARN_NON_LITERAL_NULL_CONVERSION = YES;
				CLANG_WARN_OBJC_IMPLICIT_RETAIN_SELF = YES;
				CLANG_WARN_OBJC_LITERAL_CONVERSION = YES;
				CLANG_WARN_OBJC_ROOT_CLASS = YES_ERROR;
				CLANG_WARN_QUOTED_INCLUDE_IN_FRAMEWORK_HEADER = YES;
				CLANG_WARN_RANGE_LOOP_ANALYSIS = YES;
				CLANG_WARN_STRICT_PROTOTYPES = YES;
				CLANG_WARN_SUSPICIOUS_MOVE = YES;
				CLANG_WARN_UNGUARDED_AVAILABILITY = YES_AGGRESSIVE;
				CLANG_WARN_UNREACHABLE_CODE = YES;
				CLANG_WARN__DUPLICATE_METHOD_MATCH = YES;
				COPY_PHASE_STRIP = NO;
				DEBUG_INFORMATION_FORMAT = dwarf;
				ENABLE_STRICT_OBJC_MSGSEND = YES;
				ENABLE_TESTABILITY = YES;
				GCC_C_LANGUAGE_STANDARD = gnu11;
				GCC_DYNAMIC_NO_PIC = NO;
				GCC_NO_COMMON_BLOCKS = YES;
				GCC_OPTIMIZATION_LEVEL = 0;
				GCC_PREPROCESSOR_DEFINITIONS = (
					"DEBUG=1",
					"$(inherited)",
				);
				GCC_WARN_64_TO_32_BIT_CONVERSION = YES;
				GCC_WARN_ABOUT_RETURN_TYPE = YES_ERROR;
				GCC_WARN_UNDECLARED_SELECTOR = YES;
				GCC_WARN_UNINITIALIZED_AUTOS = YES_AGGRESSIVE;
				GCC_WARN_UNUSED_FUNCTION = YES;
				GCC_WARN_UNUSED_VARIABLE = YES;
				IPHONEOS_DEPLOYMENT_TARGET = 15.4;
				MTL_ENABLE_DEBUG_INFO = INCLUDE_SOURCE;
				MTL_FAST_MATH = YES;
				ONLY_ACTIVE_ARCH = YES;
				SDKROOT = iphoneos;
				SWIFT_ACTIVE_COMPILATION_CONDITIONS = DEBUG;
				SWIFT_OPTIMIZATION_LEVEL = "-Onone";
			};
			name = Debug;
		};
		5DB530DE2801D5E200E9325A /* Release */ = {
			isa = XCBuildConfiguration;
			buildSettings = {
				ALWAYS_SEARCH_USER_PATHS = NO;
				CLANG_ANALYZER_NONNULL = YES;
				CLANG_ANALYZER_NUMBER_OBJECT_CONVERSION = YES_AGGRESSIVE;
				CLANG_CXX_LANGUAGE_STANDARD = "gnu++17";
				CLANG_ENABLE_MODULES = YES;
				CLANG_ENABLE_OBJC_ARC = YES;
				CLANG_ENABLE_OBJC_WEAK = YES;
				CLANG_WARN_BLOCK_CAPTURE_AUTORELEASING = YES;
				CLANG_WARN_BOOL_CONVERSION = YES;
				CLANG_WARN_COMMA = YES;
				CLANG_WARN_CONSTANT_CONVERSION = YES;
				CLANG_WARN_DEPRECATED_OBJC_IMPLEMENTATIONS = YES;
				CLANG_WARN_DIRECT_OBJC_ISA_USAGE = YES_ERROR;
				CLANG_WARN_DOCUMENTATION_COMMENTS = YES;
				CLANG_WARN_EMPTY_BODY = YES;
				CLANG_WARN_ENUM_CONVERSION = YES;
				CLANG_WARN_INFINITE_RECURSION = YES;
				CLANG_WARN_INT_CONVERSION = YES;
				CLANG_WARN_NON_LITERAL_NULL_CONVERSION = YES;
				CLANG_WARN_OBJC_IMPLICIT_RETAIN_SELF = YES;
				CLANG_WARN_OBJC_LITERAL_CONVERSION = YES;
				CLANG_WARN_OBJC_ROOT_CLASS = YES_ERROR;
				CLANG_WARN_QUOTED_INCLUDE_IN_FRAMEWORK_HEADER = YES;
				CLANG_WARN_RANGE_LOOP_ANALYSIS = YES;
				CLANG_WARN_STRICT_PROTOTYPES = YES;
				CLANG_WARN_SUSPICIOUS_MOVE = YES;
				CLANG_WARN_UNGUARDED_AVAILABILITY = YES_AGGRESSIVE;
				CLANG_WARN_UNREACHABLE_CODE = YES;
				CLANG_WARN__DUPLICATE_METHOD_MATCH = YES;
				COPY_PHASE_STRIP = NO;
				DEBUG_INFORMATION_FORMAT = "dwarf-with-dsym";
				ENABLE_NS_ASSERTIONS = NO;
				ENABLE_STRICT_OBJC_MSGSEND = YES;
				GCC_C_LANGUAGE_STANDARD = gnu11;
				GCC_NO_COMMON_BLOCKS = YES;
				GCC_WARN_64_TO_32_BIT_CONVERSION = YES;
				GCC_WARN_ABOUT_RETURN_TYPE = YES_ERROR;
				GCC_WARN_UNDECLARED_SELECTOR = YES;
				GCC_WARN_UNINITIALIZED_AUTOS = YES_AGGRESSIVE;
				GCC_WARN_UNUSED_FUNCTION = YES;
				GCC_WARN_UNUSED_VARIABLE = YES;
				IPHONEOS_DEPLOYMENT_TARGET = 15.4;
				MTL_ENABLE_DEBUG_INFO = NO;
				MTL_FAST_MATH = YES;
				SDKROOT = iphoneos;
				SWIFT_COMPILATION_MODE = wholemodule;
				SWIFT_OPTIMIZATION_LEVEL = "-O";
				VALIDATE_PRODUCT = YES;
			};
			name = Release;
		};
		5DB530E02801D5E200E9325A /* Debug */ = {
			isa = XCBuildConfiguration;
			buildSettings = {
				ASSETCATALOG_COMPILER_APPICON_NAME = AppIcon;
				ASSETCATALOG_COMPILER_GLOBAL_ACCENT_COLOR_NAME = AccentColor;
				CODE_SIGN_STYLE = Automatic;
				CURRENT_PROJECT_VERSION = 1;
				DEVELOPMENT_TEAM = 2Q8N9R5J2V;
				GENERATE_INFOPLIST_FILE = YES;
				INFOPLIST_FILE = RickAndMortyApp/App/Info.plist;
				INFOPLIST_KEY_UIApplicationSupportsIndirectInputEvents = YES;
				INFOPLIST_KEY_UILaunchStoryboardName = LaunchScreen;
				INFOPLIST_KEY_UIMainStoryboardFile = Main;
				INFOPLIST_KEY_UISupportedInterfaceOrientations_iPad = "UIInterfaceOrientationPortrait UIInterfaceOrientationPortraitUpsideDown UIInterfaceOrientationLandscapeLeft UIInterfaceOrientationLandscapeRight";
				INFOPLIST_KEY_UISupportedInterfaceOrientations_iPhone = "UIInterfaceOrientationPortrait UIInterfaceOrientationLandscapeLeft UIInterfaceOrientationLandscapeRight";
				LD_RUNPATH_SEARCH_PATHS = (
					"$(inherited)",
					"@executable_path/Frameworks",
				);
				MARKETING_VERSION = 1.0;
				PRODUCT_BUNDLE_IDENTIFIER = com.beksultan.test.RickAndMortyApp;
				PRODUCT_NAME = "$(TARGET_NAME)";
				SWIFT_EMIT_LOC_STRINGS = YES;
				SWIFT_VERSION = 5.0;
				TARGETED_DEVICE_FAMILY = "1,2";
			};
			name = Debug;
		};
		5DB530E12801D5E200E9325A /* Release */ = {
			isa = XCBuildConfiguration;
			buildSettings = {
				ASSETCATALOG_COMPILER_APPICON_NAME = AppIcon;
				ASSETCATALOG_COMPILER_GLOBAL_ACCENT_COLOR_NAME = AccentColor;
				CODE_SIGN_STYLE = Automatic;
				CURRENT_PROJECT_VERSION = 1;
				DEVELOPMENT_TEAM = 2Q8N9R5J2V;
				GENERATE_INFOPLIST_FILE = YES;
				INFOPLIST_FILE = RickAndMortyApp/App/Info.plist;
				INFOPLIST_KEY_UIApplicationSupportsIndirectInputEvents = YES;
				INFOPLIST_KEY_UILaunchStoryboardName = LaunchScreen;
				INFOPLIST_KEY_UIMainStoryboardFile = Main;
				INFOPLIST_KEY_UISupportedInterfaceOrientations_iPad = "UIInterfaceOrientationPortrait UIInterfaceOrientationPortraitUpsideDown UIInterfaceOrientationLandscapeLeft UIInterfaceOrientationLandscapeRight";
				INFOPLIST_KEY_UISupportedInterfaceOrientations_iPhone = "UIInterfaceOrientationPortrait UIInterfaceOrientationLandscapeLeft UIInterfaceOrientationLandscapeRight";
				LD_RUNPATH_SEARCH_PATHS = (
					"$(inherited)",
					"@executable_path/Frameworks",
				);
				MARKETING_VERSION = 1.0;
				PRODUCT_BUNDLE_IDENTIFIER = com.beksultan.test.RickAndMortyApp;
				PRODUCT_NAME = "$(TARGET_NAME)";
				SWIFT_EMIT_LOC_STRINGS = YES;
				SWIFT_VERSION = 5.0;
				TARGETED_DEVICE_FAMILY = "1,2";
			};
			name = Release;
		};
/* End XCBuildConfiguration section */

/* Begin XCConfigurationList section */
		5DB530C62801D5DF00E9325A /* Build configuration list for PBXProject "RickAndMortyApp" */ = {
			isa = XCConfigurationList;
			buildConfigurations = (
				5DB530DD2801D5E200E9325A /* Debug */,
				5DB530DE2801D5E200E9325A /* Release */,
			);
			defaultConfigurationIsVisible = 0;
			defaultConfigurationName = Release;
		};
		5DB530DF2801D5E200E9325A /* Build configuration list for PBXNativeTarget "RickAndMortyApp" */ = {
			isa = XCConfigurationList;
			buildConfigurations = (
				5DB530E02801D5E200E9325A /* Debug */,
				5DB530E12801D5E200E9325A /* Release */,
			);
			defaultConfigurationIsVisible = 0;
			defaultConfigurationName = Release;
		};
/* End XCConfigurationList section */

/* Begin XCRemoteSwiftPackageReference section */
		5D7C368F2807BAC600C3480A /* XCRemoteSwiftPackageReference "Alamofire" */ = {
			isa = XCRemoteSwiftPackageReference;
			repositoryURL = "https://github.com/Alamofire/Alamofire.git";
			requirement = {
				branch = master;
				kind = branch;
			};
		};
/* End XCRemoteSwiftPackageReference section */

/* Begin XCSwiftPackageProductDependency section */
		5D7C36902807BAC600C3480A /* Alamofire */ = {
			isa = XCSwiftPackageProductDependency;
			package = 5D7C368F2807BAC600C3480A /* XCRemoteSwiftPackageReference "Alamofire" */;
			productName = Alamofire;
		};
/* End XCSwiftPackageProductDependency section */
	};
	rootObject = 5DB530C32801D5DF00E9325A /* Project object */;
}
